// !$*UTF8*$!
{
	archiveVersion = 1;
	classes = {
	};
	objectVersion = 56;
	objects = {

/* Begin PBXBuildFile section */
		71036CA8286A4D5C00BE6C35 /* UserDefaults+Extension.swift in Sources */ = {isa = PBXBuildFile; fileRef = 71036CA7286A4D5C00BE6C35 /* UserDefaults+Extension.swift */; };
		715890BE287A1BBE00EA7330 /* NSTextView+Extension.swift in Sources */ = {isa = PBXBuildFile; fileRef = 715890BD287A1BBE00EA7330 /* NSTextView+Extension.swift */; };
		715890C2287A1FD600EA7330 /* BackgroundTest.swift in Sources */ = {isa = PBXBuildFile; fileRef = 715890C1287A1FD600EA7330 /* BackgroundTest.swift */; };
		71D7ABF228873CA20046FF1C /* NSColor+Extension.swift in Sources */ = {isa = PBXBuildFile; fileRef = 71D7ABF128873CA20046FF1C /* NSColor+Extension.swift */; };
		71D7ABF528873CE90046FF1C /* ColorProvider.swift in Sources */ = {isa = PBXBuildFile; fileRef = 71D7ABF428873CE90046FF1C /* ColorProvider.swift */; };
		71D7ABF8288740CF0046FF1C /* String+Extension.swift in Sources */ = {isa = PBXBuildFile; fileRef = 71D7ABF7288740CF0046FF1C /* String+Extension.swift */; };
		71EECCE52868BA9B00C8942F /* SourceWordCounterApp.swift in Sources */ = {isa = PBXBuildFile; fileRef = 71EECCE42868BA9B00C8942F /* SourceWordCounterApp.swift */; };
		71EECCE72868BA9B00C8942F /* ContentView.swift in Sources */ = {isa = PBXBuildFile; fileRef = 71EECCE62868BA9B00C8942F /* ContentView.swift */; };
		71EECCE92868BA9C00C8942F /* Assets.xcassets in Resources */ = {isa = PBXBuildFile; fileRef = 71EECCE82868BA9C00C8942F /* Assets.xcassets */; };
		71EECCEC2868BA9C00C8942F /* Preview Assets.xcassets in Resources */ = {isa = PBXBuildFile; fileRef = 71EECCEB2868BA9C00C8942F /* Preview Assets.xcassets */; };
		71EECCEE2868BA9C00C8942F /* Persistence.swift in Sources */ = {isa = PBXBuildFile; fileRef = 71EECCED2868BA9C00C8942F /* Persistence.swift */; };
		71EECCF12868BA9C00C8942F /* SourceWordCounter.xcdatamodeld in Sources */ = {isa = PBXBuildFile; fileRef = 71EECCEF2868BA9C00C8942F /* SourceWordCounter.xcdatamodeld */; };
		71EECCFC2868BA9C00C8942F /* SourceWordCounterTests.swift in Sources */ = {isa = PBXBuildFile; fileRef = 71EECCFB2868BA9C00C8942F /* SourceWordCounterTests.swift */; };
		71EECD172868CFB400C8942F /* HomeView.swift in Sources */ = {isa = PBXBuildFile; fileRef = 71EECD162868CFB400C8942F /* HomeView.swift */; };
/* End PBXBuildFile section */

/* Begin PBXContainerItemProxy section */
		71EECCF82868BA9C00C8942F /* PBXContainerItemProxy */ = {
			isa = PBXContainerItemProxy;
			containerPortal = 71EECCD92868BA9B00C8942F /* Project object */;
			proxyType = 1;
			remoteGlobalIDString = 71EECCE02868BA9B00C8942F;
			remoteInfo = SourceWordCounter;
		};
/* End PBXContainerItemProxy section */

/* Begin PBXFileReference section */
		71036CA7286A4D5C00BE6C35 /* UserDefaults+Extension.swift */ = {isa = PBXFileReference; lastKnownFileType = sourcecode.swift; path = "UserDefaults+Extension.swift"; sourceTree = "<group>"; };
		715890BD287A1BBE00EA7330 /* NSTextView+Extension.swift */ = {isa = PBXFileReference; lastKnownFileType = sourcecode.swift; path = "NSTextView+Extension.swift"; sourceTree = "<group>"; };
		715890C1287A1FD600EA7330 /* BackgroundTest.swift */ = {isa = PBXFileReference; lastKnownFileType = sourcecode.swift; path = BackgroundTest.swift; sourceTree = "<group>"; };
		71D7ABF128873CA20046FF1C /* NSColor+Extension.swift */ = {isa = PBXFileReference; lastKnownFileType = sourcecode.swift; path = "NSColor+Extension.swift"; sourceTree = "<group>"; };
		71D7ABF428873CE90046FF1C /* ColorProvider.swift */ = {isa = PBXFileReference; lastKnownFileType = sourcecode.swift; path = ColorProvider.swift; sourceTree = "<group>"; };
		71D7ABF7288740CF0046FF1C /* String+Extension.swift */ = {isa = PBXFileReference; lastKnownFileType = sourcecode.swift; path = "String+Extension.swift"; sourceTree = "<group>"; };
		71EECCE12868BA9B00C8942F /* SourceWordCounter.app */ = {isa = PBXFileReference; explicitFileType = wrapper.application; includeInIndex = 0; path = SourceWordCounter.app; sourceTree = BUILT_PRODUCTS_DIR; };
		71EECCE42868BA9B00C8942F /* SourceWordCounterApp.swift */ = {isa = PBXFileReference; lastKnownFileType = sourcecode.swift; path = SourceWordCounterApp.swift; sourceTree = "<group>"; };
		71EECCE62868BA9B00C8942F /* ContentView.swift */ = {isa = PBXFileReference; lastKnownFileType = sourcecode.swift; path = ContentView.swift; sourceTree = "<group>"; };
		71EECCE82868BA9C00C8942F /* Assets.xcassets */ = {isa = PBXFileReference; lastKnownFileType = folder.assetcatalog; path = Assets.xcassets; sourceTree = "<group>"; };
		71EECCEB2868BA9C00C8942F /* Preview Assets.xcassets */ = {isa = PBXFileReference; lastKnownFileType = folder.assetcatalog; path = "Preview Assets.xcassets"; sourceTree = "<group>"; };
		71EECCED2868BA9C00C8942F /* Persistence.swift */ = {isa = PBXFileReference; lastKnownFileType = sourcecode.swift; path = Persistence.swift; sourceTree = "<group>"; };
		71EECCF02868BA9C00C8942F /* SourceWordCounter.xcdatamodel */ = {isa = PBXFileReference; lastKnownFileType = wrapper.xcdatamodel; path = SourceWordCounter.xcdatamodel; sourceTree = "<group>"; };
		71EECCF22868BA9C00C8942F /* SourceWordCounter.entitlements */ = {isa = PBXFileReference; lastKnownFileType = text.plist.entitlements; path = SourceWordCounter.entitlements; sourceTree = "<group>"; };
		71EECCF72868BA9C00C8942F /* SourceWordCounterTests.xctest */ = {isa = PBXFileReference; explicitFileType = wrapper.cfbundle; includeInIndex = 0; path = SourceWordCounterTests.xctest; sourceTree = BUILT_PRODUCTS_DIR; };
		71EECCFB2868BA9C00C8942F /* SourceWordCounterTests.swift */ = {isa = PBXFileReference; lastKnownFileType = sourcecode.swift; path = SourceWordCounterTests.swift; sourceTree = "<group>"; };
		71EECD162868CFB400C8942F /* HomeView.swift */ = {isa = PBXFileReference; lastKnownFileType = sourcecode.swift; path = HomeView.swift; sourceTree = "<group>"; };
/* End PBXFileReference section */

/* Begin PBXFrameworksBuildPhase section */
		71EECCDE2868BA9B00C8942F /* Frameworks */ = {
			isa = PBXFrameworksBuildPhase;
			buildActionMask = 2147483647;
			files = (
			);
			runOnlyForDeploymentPostprocessing = 0;
		};
		71EECCF42868BA9C00C8942F /* Frameworks */ = {
			isa = PBXFrameworksBuildPhase;
			buildActionMask = 2147483647;
			files = (
			);
			runOnlyForDeploymentPostprocessing = 0;
		};
/* End PBXFrameworksBuildPhase section */

/* Begin PBXGroup section */
		715890BF287A1BDB00EA7330 /* Extension */ = {
			isa = PBXGroup;
			children = (
				715890BD287A1BBE00EA7330 /* NSTextView+Extension.swift */,
				71036CA7286A4D5C00BE6C35 /* UserDefaults+Extension.swift */,
				71D7ABF128873CA20046FF1C /* NSColor+Extension.swift */,
				71D7ABF7288740CF0046FF1C /* String+Extension.swift */,
			);
			path = Extension;
			sourceTree = "<group>";
		};
		715890C0287A1BE700EA7330 /* View */ = {
			isa = PBXGroup;
			children = (
				71EECCE62868BA9B00C8942F /* ContentView.swift */,
				715890C1287A1FD600EA7330 /* BackgroundTest.swift */,
				71EECD162868CFB400C8942F /* HomeView.swift */,
			);
			path = View;
			sourceTree = "<group>";
		};
		71D7ABF328873CDA0046FF1C /* Utilities */ = {
			isa = PBXGroup;
			children = (
				715890BF287A1BDB00EA7330 /* Extension */,
				71D7ABF628873CEE0046FF1C /* Helpers */,
			);
			path = Utilities;
			sourceTree = "<group>";
		};
		71D7ABF628873CEE0046FF1C /* Helpers */ = {
			isa = PBXGroup;
			children = (
				71D7ABF428873CE90046FF1C /* ColorProvider.swift */,
			);
			path = Helpers;
			sourceTree = "<group>";
		};
		71EECCD82868BA9B00C8942F = {
			isa = PBXGroup;
			children = (
				71EECCE32868BA9B00C8942F /* SourceWordCounter */,
				71EECCFA2868BA9C00C8942F /* SourceWordCounterTests */,
				71EECCE22868BA9B00C8942F /* Products */,
			);
			sourceTree = "<group>";
		};
		71EECCE22868BA9B00C8942F /* Products */ = {
			isa = PBXGroup;
			children = (
				71EECCE12868BA9B00C8942F /* SourceWordCounter.app */,
				71EECCF72868BA9C00C8942F /* SourceWordCounterTests.xctest */,
			);
			name = Products;
			sourceTree = "<group>";
		};
		71EECCE32868BA9B00C8942F /* SourceWordCounter */ = {
			isa = PBXGroup;
			children = (
				71D7ABF328873CDA0046FF1C /* Utilities */,
				71EECCE42868BA9B00C8942F /* SourceWordCounterApp.swift */,
				715890C0287A1BE700EA7330 /* View */,
				71EECCE82868BA9C00C8942F /* Assets.xcassets */,
				71EECCED2868BA9C00C8942F /* Persistence.swift */,
				71EECCF22868BA9C00C8942F /* SourceWordCounter.entitlements */,
				71EECCEF2868BA9C00C8942F /* SourceWordCounter.xcdatamodeld */,
				71EECCEA2868BA9C00C8942F /* Preview Content */,
			);
			path = SourceWordCounter;
			sourceTree = "<group>";
		};
		71EECCEA2868BA9C00C8942F /* Preview Content */ = {
			isa = PBXGroup;
			children = (
				71EECCEB2868BA9C00C8942F /* Preview Assets.xcassets */,
			);
			path = "Preview Content";
			sourceTree = "<group>";
		};
		71EECCFA2868BA9C00C8942F /* SourceWordCounterTests */ = {
			isa = PBXGroup;
			children = (
				71EECCFB2868BA9C00C8942F /* SourceWordCounterTests.swift */,
			);
			path = SourceWordCounterTests;
			sourceTree = "<group>";
		};
/* End PBXGroup section */

/* Begin PBXNativeTarget section */
		71EECCE02868BA9B00C8942F /* SourceWordCounter */ = {
			isa = PBXNativeTarget;
			buildConfigurationList = 71EECD0B2868BA9C00C8942F /* Build configuration list for PBXNativeTarget "SourceWordCounter" */;
			buildPhases = (
				71EECCDD2868BA9B00C8942F /* Sources */,
				71EECCDE2868BA9B00C8942F /* Frameworks */,
				71EECCDF2868BA9B00C8942F /* Resources */,
			);
			buildRules = (
			);
			dependencies = (
			);
			name = SourceWordCounter;
			productName = SourceWordCounter;
			productReference = 71EECCE12868BA9B00C8942F /* SourceWordCounter.app */;
			productType = "com.apple.product-type.application";
		};
		71EECCF62868BA9C00C8942F /* SourceWordCounterTests */ = {
			isa = PBXNativeTarget;
			buildConfigurationList = 71EECD0E2868BA9C00C8942F /* Build configuration list for PBXNativeTarget "SourceWordCounterTests" */;
			buildPhases = (
				71EECCF32868BA9C00C8942F /* Sources */,
				71EECCF42868BA9C00C8942F /* Frameworks */,
				71EECCF52868BA9C00C8942F /* Resources */,
			);
			buildRules = (
			);
			dependencies = (
				71EECCF92868BA9C00C8942F /* PBXTargetDependency */,
			);
			name = SourceWordCounterTests;
			productName = SourceWordCounterTests;
			productReference = 71EECCF72868BA9C00C8942F /* SourceWordCounterTests.xctest */;
			productType = "com.apple.product-type.bundle.unit-test";
		};
/* End PBXNativeTarget section */

/* Begin PBXProject section */
		71EECCD92868BA9B00C8942F /* Project object */ = {
			isa = PBXProject;
			attributes = {
				BuildIndependentTargetsInParallel = 1;
				LastSwiftUpdateCheck = 1400;
				LastUpgradeCheck = 1400;
				TargetAttributes = {
					71EECCE02868BA9B00C8942F = {
						CreatedOnToolsVersion = 14.0;
					};
					71EECCF62868BA9C00C8942F = {
						CreatedOnToolsVersion = 14.0;
						TestTargetID = 71EECCE02868BA9B00C8942F;
					};
				};
			};
			buildConfigurationList = 71EECCDC2868BA9B00C8942F /* Build configuration list for PBXProject "SourceWordCounter" */;
			compatibilityVersion = "Xcode 14.0";
			developmentRegion = en;
			hasScannedForEncodings = 0;
			knownRegions = (
				en,
				Base,
			);
			mainGroup = 71EECCD82868BA9B00C8942F;
			productRefGroup = 71EECCE22868BA9B00C8942F /* Products */;
			projectDirPath = "";
			projectRoot = "";
			targets = (
				71EECCE02868BA9B00C8942F /* SourceWordCounter */,
				71EECCF62868BA9C00C8942F /* SourceWordCounterTests */,
			);
		};
/* End PBXProject section */

/* Begin PBXResourcesBuildPhase section */
		71EECCDF2868BA9B00C8942F /* Resources */ = {
			isa = PBXResourcesBuildPhase;
			buildActionMask = 2147483647;
			files = (
				71EECCEC2868BA9C00C8942F /* Preview Assets.xcassets in Resources */,
				71EECCE92868BA9C00C8942F /* Assets.xcassets in Resources */,
			);
			runOnlyForDeploymentPostprocessing = 0;
		};
		71EECCF52868BA9C00C8942F /* Resources */ = {
			isa = PBXResourcesBuildPhase;
			buildActionMask = 2147483647;
			files = (
			);
			runOnlyForDeploymentPostprocessing = 0;
		};
/* End PBXResourcesBuildPhase section */

/* Begin PBXSourcesBuildPhase section */
		71EECCDD2868BA9B00C8942F /* Sources */ = {
			isa = PBXSourcesBuildPhase;
			buildActionMask = 2147483647;
			files = (
				71EECCEE2868BA9C00C8942F /* Persistence.swift in Sources */,
				71D7ABF8288740CF0046FF1C /* String+Extension.swift in Sources */,
				71EECCE72868BA9B00C8942F /* ContentView.swift in Sources */,
				71EECCE52868BA9B00C8942F /* SourceWordCounterApp.swift in Sources */,
				71D7ABF228873CA20046FF1C /* NSColor+Extension.swift in Sources */,
				71EECD172868CFB400C8942F /* HomeView.swift in Sources */,
				71036CA8286A4D5C00BE6C35 /* UserDefaults+Extension.swift in Sources */,
				71D7ABF528873CE90046FF1C /* ColorProvider.swift in Sources */,
				715890BE287A1BBE00EA7330 /* NSTextView+Extension.swift in Sources */,
				71EECCF12868BA9C00C8942F /* SourceWordCounter.xcdatamodeld in Sources */,
				715890C2287A1FD600EA7330 /* BackgroundTest.swift in Sources */,
			);
			runOnlyForDeploymentPostprocessing = 0;
		};
		71EECCF32868BA9C00C8942F /* Sources */ = {
			isa = PBXSourcesBuildPhase;
			buildActionMask = 2147483647;
			files = (
				71EECCFC2868BA9C00C8942F /* SourceWordCounterTests.swift in Sources */,
			);
			runOnlyForDeploymentPostprocessing = 0;
		};
/* End PBXSourcesBuildPhase section */

/* Begin PBXTargetDependency section */
		71EECCF92868BA9C00C8942F /* PBXTargetDependency */ = {
			isa = PBXTargetDependency;
			target = 71EECCE02868BA9B00C8942F /* SourceWordCounter */;
			targetProxy = 71EECCF82868BA9C00C8942F /* PBXContainerItemProxy */;
		};
/* End PBXTargetDependency section */

/* Begin XCBuildConfiguration section */
		71EECD092868BA9C00C8942F /* Debug */ = {
			isa = XCBuildConfiguration;
			buildSettings = {
				ALWAYS_SEARCH_USER_PATHS = NO;
				CLANG_ANALYZER_NONNULL = YES;
				CLANG_ANALYZER_NUMBER_OBJECT_CONVERSION = YES_AGGRESSIVE;
				CLANG_CXX_LANGUAGE_STANDARD = "gnu++17";
				CLANG_ENABLE_MODULES = YES;
				CLANG_ENABLE_OBJC_ARC = YES;
				CLANG_ENABLE_OBJC_WEAK = YES;
				CLANG_WARN_BLOCK_CAPTURE_AUTORELEASING = YES;
				CLANG_WARN_BOOL_CONVERSION = YES;
				CLANG_WARN_COMMA = YES;
				CLANG_WARN_CONSTANT_CONVERSION = YES;
				CLANG_WARN_DEPRECATED_OBJC_IMPLEMENTATIONS = YES;
				CLANG_WARN_DIRECT_OBJC_ISA_USAGE = YES_ERROR;
				CLANG_WARN_DOCUMENTATION_COMMENTS = YES;
				CLANG_WARN_EMPTY_BODY = YES;
				CLANG_WARN_ENUM_CONVERSION = YES;
				CLANG_WARN_INFINITE_RECURSION = YES;
				CLANG_WARN_INT_CONVERSION = YES;
				CLANG_WARN_NON_LITERAL_NULL_CONVERSION = YES;
				CLANG_WARN_OBJC_IMPLICIT_RETAIN_SELF = YES;
				CLANG_WARN_OBJC_LITERAL_CONVERSION = YES;
				CLANG_WARN_OBJC_ROOT_CLASS = YES_ERROR;
				CLANG_WARN_QUOTED_INCLUDE_IN_FRAMEWORK_HEADER = YES;
				CLANG_WARN_RANGE_LOOP_ANALYSIS = YES;
				CLANG_WARN_STRICT_PROTOTYPES = YES;
				CLANG_WARN_SUSPICIOUS_MOVE = YES;
				CLANG_WARN_UNGUARDED_AVAILABILITY = YES_AGGRESSIVE;
				CLANG_WARN_UNREACHABLE_CODE = YES;
				CLANG_WARN__DUPLICATE_METHOD_MATCH = YES;
				COPY_PHASE_STRIP = NO;
				DEBUG_INFORMATION_FORMAT = dwarf;
				ENABLE_STRICT_OBJC_MSGSEND = YES;
				ENABLE_TESTABILITY = YES;
				GCC_C_LANGUAGE_STANDARD = gnu11;
				GCC_DYNAMIC_NO_PIC = NO;
				GCC_NO_COMMON_BLOCKS = YES;
				GCC_OPTIMIZATION_LEVEL = 0;
				GCC_PREPROCESSOR_DEFINITIONS = (
					"DEBUG=1",
					"$(inherited)",
				);
				GCC_WARN_64_TO_32_BIT_CONVERSION = YES;
				GCC_WARN_ABOUT_RETURN_TYPE = YES_ERROR;
				GCC_WARN_UNDECLARED_SELECTOR = YES;
				GCC_WARN_UNINITIALIZED_AUTOS = YES_AGGRESSIVE;
				GCC_WARN_UNUSED_FUNCTION = YES;
				GCC_WARN_UNUSED_VARIABLE = YES;
				IPHONEOS_DEPLOYMENT_TARGET = 15.0;
				MACOSX_DEPLOYMENT_TARGET = 12.0;
				MTL_ENABLE_DEBUG_INFO = INCLUDE_SOURCE;
				MTL_FAST_MATH = YES;
				ONLY_ACTIVE_ARCH = YES;
				SDKROOT = macosx;
				SWIFT_ACTIVE_COMPILATION_CONDITIONS = DEBUG;
				SWIFT_OPTIMIZATION_LEVEL = "-Onone";
			};
			name = Debug;
		};
		71EECD0A2868BA9C00C8942F /* Release */ = {
			isa = XCBuildConfiguration;
			buildSettings = {
				ALWAYS_SEARCH_USER_PATHS = NO;
				CLANG_ANALYZER_NONNULL = YES;
				CLANG_ANALYZER_NUMBER_OBJECT_CONVERSION = YES_AGGRESSIVE;
				CLANG_CXX_LANGUAGE_STANDARD = "gnu++17";
				CLANG_ENABLE_MODULES = YES;
				CLANG_ENABLE_OBJC_ARC = YES;
				CLANG_ENABLE_OBJC_WEAK = YES;
				CLANG_WARN_BLOCK_CAPTURE_AUTORELEASING = YES;
				CLANG_WARN_BOOL_CONVERSION = YES;
				CLANG_WARN_COMMA = YES;
				CLANG_WARN_CONSTANT_CONVERSION = YES;
				CLANG_WARN_DEPRECATED_OBJC_IMPLEMENTATIONS = YES;
				CLANG_WARN_DIRECT_OBJC_ISA_USAGE = YES_ERROR;
				CLANG_WARN_DOCUMENTATION_COMMENTS = YES;
				CLANG_WARN_EMPTY_BODY = YES;
				CLANG_WARN_ENUM_CONVERSION = YES;
				CLANG_WARN_INFINITE_RECURSION = YES;
				CLANG_WARN_INT_CONVERSION = YES;
				CLANG_WARN_NON_LITERAL_NULL_CONVERSION = YES;
				CLANG_WARN_OBJC_IMPLICIT_RETAIN_SELF = YES;
				CLANG_WARN_OBJC_LITERAL_CONVERSION = YES;
				CLANG_WARN_OBJC_ROOT_CLASS = YES_ERROR;
				CLANG_WARN_QUOTED_INCLUDE_IN_FRAMEWORK_HEADER = YES;
				CLANG_WARN_RANGE_LOOP_ANALYSIS = YES;
				CLANG_WARN_STRICT_PROTOTYPES = YES;
				CLANG_WARN_SUSPICIOUS_MOVE = YES;
				CLANG_WARN_UNGUARDED_AVAILABILITY = YES_AGGRESSIVE;
				CLANG_WARN_UNREACHABLE_CODE = YES;
				CLANG_WARN__DUPLICATE_METHOD_MATCH = YES;
				COPY_PHASE_STRIP = NO;
				DEBUG_INFORMATION_FORMAT = "dwarf-with-dsym";
				ENABLE_NS_ASSERTIONS = NO;
				ENABLE_STRICT_OBJC_MSGSEND = YES;
				GCC_C_LANGUAGE_STANDARD = gnu11;
				GCC_NO_COMMON_BLOCKS = YES;
				GCC_WARN_64_TO_32_BIT_CONVERSION = YES;
				GCC_WARN_ABOUT_RETURN_TYPE = YES_ERROR;
				GCC_WARN_UNDECLARED_SELECTOR = YES;
				GCC_WARN_UNINITIALIZED_AUTOS = YES_AGGRESSIVE;
				GCC_WARN_UNUSED_FUNCTION = YES;
				GCC_WARN_UNUSED_VARIABLE = YES;
				IPHONEOS_DEPLOYMENT_TARGET = 15.0;
				MACOSX_DEPLOYMENT_TARGET = 12.0;
				MTL_ENABLE_DEBUG_INFO = NO;
				MTL_FAST_MATH = YES;
				SDKROOT = macosx;
				SWIFT_COMPILATION_MODE = wholemodule;
				SWIFT_OPTIMIZATION_LEVEL = "-O";
			};
			name = Release;
		};
		71EECD0C2868BA9C00C8942F /* Debug */ = {
			isa = XCBuildConfiguration;
			buildSettings = {
				ASSETCATALOG_COMPILER_APPICON_NAME = AppIcon;
				ASSETCATALOG_COMPILER_GLOBAL_ACCENT_COLOR_NAME = AccentColor;
				CODE_SIGN_ENTITLEMENTS = SourceWordCounter/SourceWordCounter.entitlements;
				CODE_SIGN_STYLE = Automatic;
				COMBINE_HIDPI_IMAGES = YES;
				CURRENT_PROJECT_VERSION = 1;
				DEVELOPMENT_ASSET_PATHS = "\"SourceWordCounter/Preview Content\"";
				DEVELOPMENT_TEAM = G6V85GALCN;
				ENABLE_HARDENED_RUNTIME = YES;
				ENABLE_PREVIEWS = YES;
				GENERATE_INFOPLIST_FILE = YES;
				INFOPLIST_KEY_NSHumanReadableCopyright = "";
				INFOPLIST_KEY_UISupportedInterfaceOrientations_iPad = "UIInterfaceOrientationLandscapeLeft UIInterfaceOrientationLandscapeRight";
				IPHONEOS_DEPLOYMENT_TARGET = 15.0;
				LD_RUNPATH_SEARCH_PATHS = (
					"$(inherited)",
					"@executable_path/../Frameworks",
				);
				MACOSX_DEPLOYMENT_TARGET = 12.0;
				MARKETING_VERSION = 1.0;
				PRODUCT_BUNDLE_IDENTIFIER = net.naolin.SourceWordCounter;
				PRODUCT_NAME = "$(TARGET_NAME)";
				SUPPORTED_PLATFORMS = "iphoneos iphonesimulator macosx";
				SUPPORTS_MACCATALYST = NO;
				SUPPORTS_MAC_DESIGNED_FOR_IPHONE_IPAD = NO;
				SWIFT_EMIT_LOC_STRINGS = YES;
				SWIFT_VERSION = 5.0;
				TARGETED_DEVICE_FAMILY = 2;
			};
			name = Debug;
		};
		71EECD0D2868BA9C00C8942F /* Release */ = {
			isa = XCBuildConfiguration;
			buildSettings = {
				ASSETCATALOG_COMPILER_APPICON_NAME = AppIcon;
				ASSETCATALOG_COMPILER_GLOBAL_ACCENT_COLOR_NAME = AccentColor;
				CODE_SIGN_ENTITLEMENTS = SourceWordCounter/SourceWordCounter.entitlements;
				CODE_SIGN_STYLE = Automatic;
				COMBINE_HIDPI_IMAGES = YES;
				CURRENT_PROJECT_VERSION = 1;
				DEVELOPMENT_ASSET_PATHS = "\"SourceWordCounter/Preview Content\"";
				DEVELOPMENT_TEAM = G6V85GALCN;
				ENABLE_HARDENED_RUNTIME = YES;
				ENABLE_PREVIEWS = YES;
				GENERATE_INFOPLIST_FILE = YES;
				INFOPLIST_KEY_NSHumanReadableCopyright = "";
				INFOPLIST_KEY_UISupportedInterfaceOrientations_iPad = "UIInterfaceOrientationLandscapeLeft UIInterfaceOrientationLandscapeRight";
				IPHONEOS_DEPLOYMENT_TARGET = 15.0;
				LD_RUNPATH_SEARCH_PATHS = (
					"$(inherited)",
					"@executable_path/../Frameworks",
				);
				MACOSX_DEPLOYMENT_TARGET = 12.0;
				MARKETING_VERSION = 1.0;
				PRODUCT_BUNDLE_IDENTIFIER = net.naolin.SourceWordCounter;
				PRODUCT_NAME = "$(TARGET_NAME)";
				SUPPORTED_PLATFORMS = "iphoneos iphonesimulator macosx";
				SUPPORTS_MACCATALYST = NO;
				SUPPORTS_MAC_DESIGNED_FOR_IPHONE_IPAD = NO;
				SWIFT_EMIT_LOC_STRINGS = YES;
				SWIFT_VERSION = 5.0;
				TARGETED_DEVICE_FAMILY = 2;
			};
			name = Release;
		};
		71EECD0F2868BA9C00C8942F /* Debug */ = {
			isa = XCBuildConfiguration;
			buildSettings = {
				ALWAYS_EMBED_SWIFT_STANDARD_LIBRARIES = YES;
				ASSETCATALOG_COMPILER_APPICON_NAME = AppIcon;
				BUNDLE_LOADER = "$(TEST_HOST)";
				CODE_SIGN_STYLE = Automatic;
				CURRENT_PROJECT_VERSION = 1;
				DEVELOPMENT_TEAM = G6V85GALCN;
				GENERATE_INFOPLIST_FILE = YES;
				MACOSX_DEPLOYMENT_TARGET = 12.0;
				MARKETING_VERSION = 1.0;
				PRODUCT_BUNDLE_IDENTIFIER = net.naolin.SourceWordCounterTests;
				PRODUCT_NAME = "$(TARGET_NAME)";
				SWIFT_EMIT_LOC_STRINGS = NO;
				SWIFT_VERSION = 5.0;
				TEST_HOST = "$(BUILT_PRODUCTS_DIR)/SourceWordCounter.app/$(BUNDLE_EXECUTABLE_FOLDER_PATH)/SourceWordCounter";
			};
			name = Debug;
		};
		71EECD102868BA9C00C8942F /* Release */ = {
			isa = XCBuildConfiguration;
			buildSettings = {
				ALWAYS_EMBED_SWIFT_STANDARD_LIBRARIES = YES;
				ASSETCATALOG_COMPILER_APPICON_NAME = AppIcon;
				BUNDLE_LOADER = "$(TEST_HOST)";
				CODE_SIGN_STYLE = Automatic;
				CURRENT_PROJECT_VERSION = 1;
				DEVELOPMENT_TEAM = G6V85GALCN;
				GENERATE_INFOPLIST_FILE = YES;
				MACOSX_DEPLOYMENT_TARGET = 12.0;
				MARKETING_VERSION = 1.0;
				PRODUCT_BUNDLE_IDENTIFIER = net.naolin.SourceWordCounterTests;
				PRODUCT_NAME = "$(TARGET_NAME)";
				SWIFT_EMIT_LOC_STRINGS = NO;
				SWIFT_VERSION = 5.0;
				TEST_HOST = "$(BUILT_PRODUCTS_DIR)/SourceWordCounter.app/$(BUNDLE_EXECUTABLE_FOLDER_PATH)/SourceWordCounter";
			};
			name = Release;
		};
/* End XCBuildConfiguration section */

/* Begin XCConfigurationList section */
		71EECCDC2868BA9B00C8942F /* Build configuration list for PBXProject "SourceWordCounter" */ = {
			isa = XCConfigurationList;
			buildConfigurations = (
				71EECD092868BA9C00C8942F /* Debug */,
				71EECD0A2868BA9C00C8942F /* Release */,
			);
			defaultConfigurationIsVisible = 0;
			defaultConfigurationName = Release;
		};
		71EECD0B2868BA9C00C8942F /* Build configuration list for PBXNativeTarget "SourceWordCounter" */ = {
			isa = XCConfigurationList;
			buildConfigurations = (
				71EECD0C2868BA9C00C8942F /* Debug */,
				71EECD0D2868BA9C00C8942F /* Release */,
			);
			defaultConfigurationIsVisible = 0;
			defaultConfigurationName = Release;
		};
		71EECD0E2868BA9C00C8942F /* Build configuration list for PBXNativeTarget "SourceWordCounterTests" */ = {
			isa = XCConfigurationList;
			buildConfigurations = (
				71EECD0F2868BA9C00C8942F /* Debug */,
				71EECD102868BA9C00C8942F /* Release */,
			);
			defaultConfigurationIsVisible = 0;
			defaultConfigurationName = Release;
		};
/* End XCConfigurationList section */

/* Begin XCVersionGroup section */
		71EECCEF2868BA9C00C8942F /* SourceWordCounter.xcdatamodeld */ = {
			isa = XCVersionGroup;
			children = (
				71EECCF02868BA9C00C8942F /* SourceWordCounter.xcdatamodel */,
			);
			currentVersion = 71EECCF02868BA9C00C8942F /* SourceWordCounter.xcdatamodel */;
			path = SourceWordCounter.xcdatamodeld;
			sourceTree = "<group>";
			versionGroupType = wrapper.xcdatamodel;
		};
/* End XCVersionGroup section */
	};
	rootObject = 71EECCD92868BA9B00C8942F /* Project object */;
}
